// !$*UTF8*$!
{
	archiveVersion = 1;
	classes = {
	};
	objectVersion = 48;
	objects = {

/* Begin PBXBuildFile section */
		4CD1ABFE208046D4000D3CFD /* RCTNativeLoading.m in Sources */ = {isa = PBXBuildFile; fileRef = 4CD1ABFD208046D4000D3CFD /* RCTNativeLoading.m */; };
		4CD1ABFF208046D4000D3CFD /* RCTNativeLoading.h in CopyFiles */ = {isa = PBXBuildFile; fileRef = 4CD1ABFC208046D4000D3CFD /* RCTNativeLoading.h */; };
/* End PBXBuildFile section */

/* Begin PBXCopyFilesBuildPhase section */
		4CD1ABF7208046D4000D3CFD /* CopyFiles */ = {
			isa = PBXCopyFilesBuildPhase;
			buildActionMask = 2147483647;
			dstPath = "include/$(PRODUCT_NAME)";
			dstSubfolderSpec = 16;
			files = (
				4CD1ABFF208046D4000D3CFD /* RCTNativeLoading.h in CopyFiles */,
			);
			runOnlyForDeploymentPostprocessing = 0;
		};
/* End PBXCopyFilesBuildPhase section */

/* Begin PBXFileReference section */
		4CD1ABF9208046D4000D3CFD /* libRCTNativeLoading.a */ = {isa = PBXFileReference; explicitFileType = archive.ar; includeInIndex = 0; path = libRCTNativeLoading.a; sourceTree = BUILT_PRODUCTS_DIR; };
		4CD1ABFC208046D4000D3CFD /* RCTNativeLoading.h */ = {isa = PBXFileReference; lastKnownFileType = sourcecode.c.h; path = RCTNativeLoading.h; sourceTree = "<group>"; };
		4CD1ABFD208046D4000D3CFD /* RCTNativeLoading.m */ = {isa = PBXFileReference; lastKnownFileType = sourcecode.c.objc; path = RCTNativeLoading.m; sourceTree = "<group>"; };
/* End PBXFileReference section */

/* Begin PBXFrameworksBuildPhase section */
		4CD1ABF6208046D4000D3CFD /* Frameworks */ = {
			isa = PBXFrameworksBuildPhase;
			buildActionMask = 2147483647;
			files = (
			);
			runOnlyForDeploymentPostprocessing = 0;
		};
/* End PBXFrameworksBuildPhase section */

/* Begin PBXGroup section */
		4CD1ABF0208046D4000D3CFD = {
			isa = PBXGroup;
			children = (
				4CD1ABFB208046D4000D3CFD /* RCTNativeLoading */,
				4CD1ABFA208046D4000D3CFD /* Products */,
			);
			sourceTree = "<group>";
		};
		4CD1ABFA208046D4000D3CFD /* Products */ = {
			isa = PBXGroup;
			children = (
				4CD1ABF9208046D4000D3CFD /* libRCTNativeLoading.a */,
			);
			name = Products;
			sourceTree = "<group>";
		};
		4CD1ABFB208046D4000D3CFD /* RCTNativeLoading */ = {
			isa = PBXGroup;
			children = (
				4CD1ABFC208046D4000D3CFD /* RCTNativeLoading.h */,
				4CD1ABFD208046D4000D3CFD /* RCTNativeLoading.m */,
			);
			path = RCTNativeLoading;
			sourceTree = "<group>";
		};
/* End PBXGroup section */

/* Begin PBXNativeTarget section */
		4CD1ABF8208046D4000D3CFD /* RCTNativeLoading */ = {
			isa = PBXNativeTarget;
			buildConfigurationList = 4CD1AC02208046D4000D3CFD /* Build configuration list for PBXNativeTarget "RCTNativeLoading" */;
			buildPhases = (
				4CD1ABF5208046D4000D3CFD /* Sources */,
				4CD1ABF6208046D4000D3CFD /* Frameworks */,
				4CD1ABF7208046D4000D3CFD /* CopyFiles */,
			);
			buildRules = (
			);
			dependencies = (
			);
			name = RCTNativeLoading;
			productName = RCTNativeLoading;
			productReference = 4CD1ABF9208046D4000D3CFD /* libRCTNativeLoading.a */;
			productType = "com.apple.product-type.library.static";
		};
/* End PBXNativeTarget section */

/* Begin PBXProject section */
		4CD1ABF1208046D4000D3CFD /* Project object */ = {
			isa = PBXProject;
			attributes = {
				LastUpgradeCheck = 0920;
				ORGANIZATIONNAME = "欧阳伟坚";
				TargetAttributes = {
					4CD1ABF8208046D4000D3CFD = {
						CreatedOnToolsVersion = 9.2;
						ProvisioningStyle = Automatic;
					};
				};
			};
			buildConfigurationList = 4CD1ABF4208046D4000D3CFD /* Build configuration list for PBXProject "RCTNativeLoading" */;
			compatibilityVersion = "Xcode 8.0";
			developmentRegion = en;
			hasScannedForEncodings = 0;
			knownRegions = (
				en,
			);
			mainGroup = 4CD1ABF0208046D4000D3CFD;
			productRefGroup = 4CD1ABFA208046D4000D3CFD /* Products */;
			projectDirPath = "";
			projectRoot = "";
			targets = (
				4CD1ABF8208046D4000D3CFD /* RCTNativeLoading */,
			);
		};
/* End PBXProject section */

/* Begin PBXSourcesBuildPhase section */
		4CD1ABF5208046D4000D3CFD /* Sources */ = {
			isa = PBXSourcesBuildPhase;
			buildActionMask = 2147483647;
			files = (
				4CD1ABFE208046D4000D3CFD /* RCTNativeLoading.m in Sources */,
			);
			runOnlyForDeploymentPostprocessing = 0;
		};
/* End PBXSourcesBuildPhase section */

/* Begin XCBuildConfiguration section */
		4CD1AC00208046D4000D3CFD /* Debug */ = {
			isa = XCBuildConfiguration;
			buildSettings = {
				ALWAYS_SEARCH_USER_PATHS = NO;
				CLANG_ANALYZER_NONNULL = YES;
				CLANG_ANALYZER_NUMBER_OBJECT_CONVERSION = YES_AGGRESSIVE;
				CLANG_CXX_LANGUAGE_STANDARD = "gnu++14";
				CLANG_CXX_LIBRARY = "libc++";
				CLANG_ENABLE_MODULES = YES;
				CLANG_ENABLE_OBJC_ARC = YES;
				CLANG_WARN_BLOCK_CAPTURE_AUTORELEASING = YES;
				CLANG_WARN_BOOL_CONVERSION = YES;
				CLANG_WARN_COMMA = YES;
				CLANG_WARN_CONSTANT_CONVERSION = YES;
				CLANG_WARN_DIRECT_OBJC_ISA_USAGE = YES_ERROR;
				CLANG_WARN_DOCUMENTATION_COMMENTS = YES;
				CLANG_WARN_EMPTY_BODY = YES;
				CLANG_WARN_ENUM_CONVERSION = YES;
				CLANG_WARN_INFINITE_RECURSION = YES;
				CLANG_WARN_INT_CONVERSION = YES;
				CLANG_WARN_NON_LITERAL_NULL_CONVERSION = YES;
				CLANG_WARN_OBJC_LITERAL_CONVERSION = YES;
				CLANG_WARN_OBJC_ROOT_CLASS = YES_ERROR;
				CLANG_WARN_RANGE_LOOP_ANALYSIS = YES;
				CLANG_WARN_STRICT_PROTOTYPES = YES;
				CLANG_WARN_SUSPICIOUS_MOVE = YES;
				CLANG_WARN_UNGUARDED_AVAILABILITY = YES_AGGRESSIVE;
				CLANG_WARN_UNREACHABLE_CODE = YES;
				CLANG_WARN__DUPLICATE_METHOD_MATCH = YES;
				CODE_SIGN_IDENTITY = "iPhone Developer";
				COPY_PHASE_STRIP = NO;
				DEBUG_INFORMATION_FORMAT = dwarf;
				ENABLE_STRICT_OBJC_MSGSEND = YES;
				ENABLE_TESTABILITY = YES;
				GCC_C_LANGUAGE_STANDARD = gnu11;
				GCC_DYNAMIC_NO_PIC = NO;
				GCC_NO_COMMON_BLOCKS = YES;
				GCC_OPTIMIZATION_LEVEL = 0;
				GCC_PREPROCESSOR_DEFINITIONS = (
					"DEBUG=1",
					"$(inherited)",
				);
				GCC_WARN_64_TO_32_BIT_CONVERSION = YES;
				GCC_WARN_ABOUT_RETURN_TYPE = YES_ERROR;
				GCC_WARN_UNDECLARED_SELECTOR = YES;
				GCC_WARN_UNINITIALIZED_AUTOS = YES_AGGRESSIVE;
				GCC_WARN_UNUSED_FUNCTION = YES;
				GCC_WARN_UNUSED_VARIABLE = YES;
				IPHONEOS_DEPLOYMENT_TARGET = 11.2;
				MTL_ENABLE_DEBUG_INFO = YES;
				ONLY_ACTIVE_ARCH = YES;
				SDKROOT = iphoneos;
			};
			name = Debug;
		};
		4CD1AC01208046D4000D3CFD /* Release */ = {
			isa = XCBuildConfiguration;
			buildSettings = {
				ALWAYS_SEARCH_USER_PATHS = NO;
				CLANG_ANALYZER_NONNULL = YES;
				CLANG_ANALYZER_NUMBER_OBJECT_CONVERSION = YES_AGGRESSIVE;
				CLANG_CXX_LANGUAGE_STANDARD = "gnu++14";
				CLANG_CXX_LIBRARY = "libc++";
				CLANG_ENABLE_MODULES = YES;
				CLANG_ENABLE_OBJC_ARC = YES;
				CLANG_WARN_BLOCK_CAPTURE_AUTORELEASING = YES;
				CLANG_WARN_BOOL_CONVERSION = YES;
				CLANG_WARN_COMMA = YES;
				CLANG_WARN_CONSTANT_CONVERSION = YES;
				CLANG_WARN_DIRECT_OBJC_ISA_USAGE = YES_ERROR;
				CLANG_WARN_DOCUMENTATION_COMMENTS = YES;
				CLANG_WARN_EMPTY_BODY = YES;
				CLANG_WARN_ENUM_CONVERSION = YES;
				CLANG_WARN_INFINITE_RECURSION = YES;
				CLANG_WARN_INT_CONVERSION = YES;
				CLANG_WARN_NON_LITERAL_NULL_CONVERSION = YES;
				CLANG_WARN_OBJC_LITERAL_CONVERSION = YES;
				CLANG_WARN_OBJC_ROOT_CLASS = YES_ERROR;
				CLANG_WARN_RANGE_LOOP_ANALYSIS = YES;
				CLANG_WARN_STRICT_PROTOTYPES = YES;
				CLANG_WARN_SUSPICIOUS_MOVE = YES;
				CLANG_WARN_UNGUARDED_AVAILABILITY = YES_AGGRESSIVE;
				CLANG_WARN_UNREACHABLE_CODE = YES;
				CLANG_WARN__DUPLICATE_METHOD_MATCH = YES;
				CODE_SIGN_IDENTITY = "iPhone Developer";
				COPY_PHASE_STRIP = NO;
				DEBUG_INFORMATION_FORMAT = "dwarf-with-dsym";
				ENABLE_NS_ASSERTIONS = NO;
				ENABLE_STRICT_OBJC_MSGSEND = YES;
				GCC_C_LANGUAGE_STANDARD = gnu11;
				GCC_NO_COMMON_BLOCKS = YES;
				GCC_WARN_64_TO_32_BIT_CONVERSION = YES;
				GCC_WARN_ABOUT_RETURN_TYPE = YES_ERROR;
				GCC_WARN_UNDECLARED_SELECTOR = YES;
				GCC_WARN_UNINITIALIZED_AUTOS = YES_AGGRESSIVE;
				GCC_WARN_UNUSED_FUNCTION = YES;
				GCC_WARN_UNUSED_VARIABLE = YES;
				IPHONEOS_DEPLOYMENT_TARGET = 11.2;
				MTL_ENABLE_DEBUG_INFO = NO;
				SDKROOT = iphoneos;
				VALIDATE_PRODUCT = YES;
			};
			name = Release;
		};
		4CD1AC03208046D4000D3CFD /* Debug */ = {
			isa = XCBuildConfiguration;
			buildSettings = {
				CODE_SIGN_STYLE = Automatic;
				DEVELOPMENT_TEAM = 35U7LBHYVV;
				OTHER_LDFLAGS = "-ObjC";
				PRODUCT_NAME = "$(TARGET_NAME)";
				SKIP_INSTALL = YES;
				TARGETED_DEVICE_FAMILY = "1,2";
			};
			name = Debug;
		};
		4CD1AC04208046D4000D3CFD /* Release */ = {
			isa = XCBuildConfiguration;
			buildSettings = {
				CODE_SIGN_STYLE = Automatic;
				DEVELOPMENT_TEAM = 35U7LBHYVV;
				OTHER_LDFLAGS = "-ObjC";
				PRODUCT_NAME = "$(TARGET_NAME)";
				SKIP_INSTALL = YES;
				TARGETED_DEVICE_FAMILY = "1,2";
			};
			name = Release;
		};
/* End XCBuildConfiguration section */

/* Begin XCConfigurationList section */
		4CD1ABF4208046D4000D3CFD /* Build configuration list for PBXProject "RCTNativeLoading" */ = {
			isa = XCConfigurationList;
			buildConfigurations = (
				4CD1AC00208046D4000D3CFD /* Debug */,
				4CD1AC01208046D4000D3CFD /* Release */,
			);
			defaultConfigurationIsVisible = 0;
			defaultConfigurationName = Release;
		};
		4CD1AC02208046D4000D3CFD /* Build configuration list for PBXNativeTarget "RCTNativeLoading" */ = {
			isa = XCConfigurationList;
			buildConfigurations = (
				4CD1AC03208046D4000D3CFD /* Debug */,
				4CD1AC04208046D4000D3CFD /* Release */,
			);
			defaultConfigurationIsVisible = 0;
			defaultConfigurationName = Release;
		};
/* End XCConfigurationList section */
	};
	rootObject = 4CD1ABF1208046D4000D3CFD /* Project object */;
}
